
Microsoft Visual Studio Solution File, Format Version 12.00
# Visual Studio 14
VisualStudioVersion = 14.0.24720.0
MinimumVisualStudioVersion = 10.0.40219.1
Project("{FAE04EC0-301F-11D3-BF4B-00C04F79EFBC}") = "B16_Ex02", "B16_Ex02\B16_Ex02.csproj", "{45B00531-A356-4813-A8D4-F43AE59F5D4A}"
EndProject
Project("{FAE04EC0-301F-11D3-BF4B-00C04F79EFBC}") = "Ex02_UiManager", "UiManager\Ex02_UiManager.csproj", "{7537E075-6AC3-435B-840C-066604BD9C19}"
EndProject
Project("{FAE04EC0-301F-11D3-BF4B-00C04F79EFBC}") = "Ex02_GameBoard", "Ex2_GameBoard\Ex02_GameBoard.csproj", "{EECC6DB4-3666-4B49-A52F-D237E39B5EE0}"
EndProject
Project("{FAE04EC0-301F-11D3-BF4B-00C04F79EFBC}") = "Ex02_GameUtils", "Ex02_GameUtils\Ex02_GameUtils.csproj", "{66CA8AB0-3E66-413F-A149-E7C94DF86C18}"
EndProject
Global
	GlobalSection(SolutionConfigurationPlatforms) = preSolution
		Debug|Any CPU = Debug|Any CPU
		Release|Any CPU = Release|Any CPU
	EndGlobalSection
	GlobalSection(ProjectConfigurationPlatforms) = postSolution
		{45B00531-A356-4813-A8D4-F43AE59F5D4A}.Debug|Any CPU.ActiveCfg = Debug|Any CPU
		{45B00531-A356-4813-A8D4-F43AE59F5D4A}.Debug|Any CPU.Build.0 = Debug|Any CPU
		{45B00531-A356-4813-A8D4-F43AE59F5D4A}.Release|Any CPU.ActiveCfg = Release|Any CPU
		{45B00531-A356-4813-A8D4-F43AE59F5D4A}.Release|Any CPU.Build.0 = Release|Any CPU
		{7537E075-6AC3-435B-840C-066604BD9C19}.Debug|Any CPU.ActiveCfg = Debug|Any CPU
		{7537E075-6AC3-435B-840C-066604BD9C19}.Debug|Any CPU.Build.0 = Debug|Any CPU
		{7537E075-6AC3-435B-840C-066604BD9C19}.Release|Any CPU.ActiveCfg = Release|Any CPU
		{7537E075-6AC3-435B-840C-066604BD9C19}.Release|Any CPU.Build.0 = Release|Any CPU
		{EECC6DB4-3666-4B49-A52F-D237E39B5EE0}.Debug|Any CPU.ActiveCfg = Debug|Any CPU
		{EECC6DB4-3666-4B49-A52F-D237E39B5EE0}.Debug|Any CPU.Build.0 = Debug|Any CPU
		{EECC6DB4-3666-4B49-A52F-D237E39B5EE0}.Release|Any CPU.ActiveCfg = Release|Any CPU
		{EECC6DB4-3666-4B49-A52F-D237E39B5EE0}.Release|Any CPU.Build.0 = Release|Any CPU
		{66CA8AB0-3E66-413F-A149-E7C94DF86C18}.Debug|Any CPU.ActiveCfg = Debug|Any CPU
		{66CA8AB0-3E66-413F-A149-E7C94DF86C18}.Debug|Any CPU.Build.0 = Debug|Any CPU
		{66CA8AB0-3E66-413F-A149-E7C94DF86C18}.Release|Any CPU.ActiveCfg = Release|Any CPU
		{66CA8AB0-3E66-413F-A149-E7C94DF86C18}.Release|Any CPU.Build.0 = Release|Any CPU
	EndGlobalSection
	GlobalSection(SolutionProperties) = preSolution
		HideSolutionNode = FALSE
	EndGlobalSection
EndGlobal
